
Microsoft Visual Studio Solution File, Format Version 12.00
# Visual Studio 14
VisualStudioVersion = 14.0.25420.1
MinimumVisualStudioVersion = 10.0.40219.1
Project("{F184B08F-C81C-45F6-A57F-5ABD9991F28F}") = "試題二：不會", "試題二：不會\試題二：不會.vbproj", "{02877329-6FFB-45B0-8013-3E4A479CE5B0}"
EndProject
Global
	GlobalSection(SolutionConfigurationPlatforms) = preSolution
		Debug|Any CPU = Debug|Any CPU
		Release|Any CPU = Release|Any CPU
	EndGlobalSection
	GlobalSection(ProjectConfigurationPlatforms) = postSolution
		{02877329-6FFB-45B0-8013-3E4A479CE5B0}.Debug|Any CPU.ActiveCfg = Debug|Any CPU
		{02877329-6FFB-45B0-8013-3E4A479CE5B0}.Debug|Any CPU.Build.0 = Debug|Any CPU
		{02877329-6FFB-45B0-8013-3E4A479CE5B0}.Release|Any CPU.ActiveCfg = Release|Any CPU
		{02877329-6FFB-45B0-8013-3E4A479CE5B0}.Release|Any CPU.Build.0 = Release|Any CPU
	EndGlobalSection
	GlobalSection(SolutionProperties) = preSolution
		HideSolutionNode = FALSE
	EndGlobalSection
EndGlobal
