
Microsoft Visual Studio Solution File, Format Version 12.00
# Visual Studio 14
VisualStudioVersion = 14.0.25420.1
MinimumVisualStudioVersion = 10.0.40219.1
Project("{F184B08F-C81C-45F6-A57F-5ABD9991F28F}") = "試題五-設計一字串搜尋程式", "試題五-設計一字串搜尋程式\試題五-設計一字串搜尋程式.vbproj", "{CAF6A23D-700D-45F6-B634-D1230476D22D}"
EndProject
Global
	GlobalSection(SolutionConfigurationPlatforms) = preSolution
		Debug|Any CPU = Debug|Any CPU
		Release|Any CPU = Release|Any CPU
	EndGlobalSection
	GlobalSection(ProjectConfigurationPlatforms) = postSolution
		{CAF6A23D-700D-45F6-B634-D1230476D22D}.Debug|Any CPU.ActiveCfg = Debug|Any CPU
		{CAF6A23D-700D-45F6-B634-D1230476D22D}.Debug|Any CPU.Build.0 = Debug|Any CPU
		{CAF6A23D-700D-45F6-B634-D1230476D22D}.Release|Any CPU.ActiveCfg = Release|Any CPU
		{CAF6A23D-700D-45F6-B634-D1230476D22D}.Release|Any CPU.Build.0 = Release|Any CPU
	EndGlobalSection
	GlobalSection(SolutionProperties) = preSolution
		HideSolutionNode = FALSE
	EndGlobalSection
EndGlobal
