
Microsoft Visual Studio Solution File, Format Version 12.00
# Visual Studio 14
VisualStudioVersion = 14.0.25420.1
MinimumVisualStudioVersion = 10.0.40219.1
Project("{F184B08F-C81C-45F6-A57F-5ABD9991F28F}") = "試題六-多矩陣相乘次數(Part2)", "試題六-多矩陣相乘次數(Part2)\試題六-多矩陣相乘次數(Part2).vbproj", "{9255BF38-5608-406C-9058-688285DC38E9}"
EndProject
Global
	GlobalSection(SolutionConfigurationPlatforms) = preSolution
		Debug|Any CPU = Debug|Any CPU
		Release|Any CPU = Release|Any CPU
	EndGlobalSection
	GlobalSection(ProjectConfigurationPlatforms) = postSolution
		{9255BF38-5608-406C-9058-688285DC38E9}.Debug|Any CPU.ActiveCfg = Debug|Any CPU
		{9255BF38-5608-406C-9058-688285DC38E9}.Debug|Any CPU.Build.0 = Debug|Any CPU
		{9255BF38-5608-406C-9058-688285DC38E9}.Release|Any CPU.ActiveCfg = Release|Any CPU
		{9255BF38-5608-406C-9058-688285DC38E9}.Release|Any CPU.Build.0 = Release|Any CPU
	EndGlobalSection
	GlobalSection(SolutionProperties) = preSolution
		HideSolutionNode = FALSE
	EndGlobalSection
EndGlobal
