
Microsoft Visual Studio Solution File, Format Version 11.00
# Visual Basic Express 2010
Project("{F184B08F-C81C-45F6-A57F-5ABD9991F28F}") = "試題三-計算徑向多項式", "試題三-計算徑向多項式\試題三-計算徑向多項式.vbproj", "{D78E337E-BD6E-456D-9BD4-3161FEE8E864}"
EndProject
Global
	GlobalSection(SolutionConfigurationPlatforms) = preSolution
		Debug|x86 = Debug|x86
		Release|x86 = Release|x86
	EndGlobalSection
	GlobalSection(ProjectConfigurationPlatforms) = postSolution
		{D78E337E-BD6E-456D-9BD4-3161FEE8E864}.Debug|x86.ActiveCfg = Debug|x86
		{D78E337E-BD6E-456D-9BD4-3161FEE8E864}.Debug|x86.Build.0 = Debug|x86
		{D78E337E-BD6E-456D-9BD4-3161FEE8E864}.Release|x86.ActiveCfg = Release|x86
		{D78E337E-BD6E-456D-9BD4-3161FEE8E864}.Release|x86.Build.0 = Release|x86
	EndGlobalSection
	GlobalSection(SolutionProperties) = preSolution
		HideSolutionNode = FALSE
	EndGlobalSection
EndGlobal
