
Microsoft Visual Studio Solution File, Format Version 12.00
# Visual Studio 14
VisualStudioVersion = 14.0.25420.1
MinimumVisualStudioVersion = 10.0.40219.1
Project("{F184B08F-C81C-45F6-A57F-5ABD9991F28F}") = "題目三：一種密碼只由大寫字母 K、L、M、N、O 組成", "題目三：一種密碼只由大寫字母 K、L、M、N、O 組成\題目三：一種密碼只由大寫字母 K、L、M、N、O 組成.vbproj", "{40AED0E5-B80F-4E04-9BFF-1E3763671149}"
EndProject
Global
	GlobalSection(SolutionConfigurationPlatforms) = preSolution
		Debug|Any CPU = Debug|Any CPU
		Release|Any CPU = Release|Any CPU
	EndGlobalSection
	GlobalSection(ProjectConfigurationPlatforms) = postSolution
		{40AED0E5-B80F-4E04-9BFF-1E3763671149}.Debug|Any CPU.ActiveCfg = Debug|Any CPU
		{40AED0E5-B80F-4E04-9BFF-1E3763671149}.Debug|Any CPU.Build.0 = Debug|Any CPU
		{40AED0E5-B80F-4E04-9BFF-1E3763671149}.Release|Any CPU.ActiveCfg = Release|Any CPU
		{40AED0E5-B80F-4E04-9BFF-1E3763671149}.Release|Any CPU.Build.0 = Release|Any CPU
	EndGlobalSection
	GlobalSection(SolutionProperties) = preSolution
		HideSolutionNode = FALSE
	EndGlobalSection
EndGlobal
