
Microsoft Visual Studio Solution File, Format Version 11.00
# Visual Basic Express 2010
Project("{F184B08F-C81C-45F6-A57F-5ABD9991F28F}") = "試題3-電腦螢幕倒數器", "試題3-電腦螢幕倒數器\試題3-電腦螢幕倒數器.vbproj", "{F68F3FCB-638A-4847-9054-64D9E1D21F26}"
EndProject
Global
	GlobalSection(SolutionConfigurationPlatforms) = preSolution
		Debug|x86 = Debug|x86
		Release|x86 = Release|x86
	EndGlobalSection
	GlobalSection(ProjectConfigurationPlatforms) = postSolution
		{F68F3FCB-638A-4847-9054-64D9E1D21F26}.Debug|x86.ActiveCfg = Debug|x86
		{F68F3FCB-638A-4847-9054-64D9E1D21F26}.Debug|x86.Build.0 = Debug|x86
		{F68F3FCB-638A-4847-9054-64D9E1D21F26}.Release|x86.ActiveCfg = Release|x86
		{F68F3FCB-638A-4847-9054-64D9E1D21F26}.Release|x86.Build.0 = Release|x86
	EndGlobalSection
	GlobalSection(SolutionProperties) = preSolution
		HideSolutionNode = FALSE
	EndGlobalSection
EndGlobal
