
Microsoft Visual Studio Solution File, Format Version 11.00
# Visual Basic Express 2010
Project("{F184B08F-C81C-45F6-A57F-5ABD9991F28F}") = "_Q2", "_Q2\_Q2.vbproj", "{AF5D409E-5E9C-4AD2-B7E6-96D18636807E}"
EndProject
Global
	GlobalSection(SolutionConfigurationPlatforms) = preSolution
		Debug|x86 = Debug|x86
		Release|x86 = Release|x86
	EndGlobalSection
	GlobalSection(ProjectConfigurationPlatforms) = postSolution
		{AF5D409E-5E9C-4AD2-B7E6-96D18636807E}.Debug|x86.ActiveCfg = Debug|x86
		{AF5D409E-5E9C-4AD2-B7E6-96D18636807E}.Debug|x86.Build.0 = Debug|x86
		{AF5D409E-5E9C-4AD2-B7E6-96D18636807E}.Release|x86.ActiveCfg = Release|x86
		{AF5D409E-5E9C-4AD2-B7E6-96D18636807E}.Release|x86.Build.0 = Release|x86
	EndGlobalSection
	GlobalSection(SolutionProperties) = preSolution
		HideSolutionNode = FALSE
	EndGlobalSection
EndGlobal
